// !$*UTF8*$!
{
	archiveVersion = 1;
	classes = {
	};
	objectVersion = 46;
	objects = {

/* Begin PBXBuildFile section */
		37F64CA61EACDED2004B9530 /* AppDelegate.swift in Sources */ = {isa = PBXBuildFile; fileRef = 37F64CA51EACDED2004B9530 /* AppDelegate.swift */; };
		37F64CA81EACDED2004B9530 /* ViewController.swift in Sources */ = {isa = PBXBuildFile; fileRef = 37F64CA71EACDED2004B9530 /* ViewController.swift */; };
		37F64CAB1EACDED2004B9530 /* Main.storyboard in Resources */ = {isa = PBXBuildFile; fileRef = 37F64CA91EACDED2004B9530 /* Main.storyboard */; };
		37F64CAD1EACDED2004B9530 /* Assets.xcassets in Resources */ = {isa = PBXBuildFile; fileRef = 37F64CAC1EACDED2004B9530 /* Assets.xcassets */; };
		37F64CB01EACDED2004B9530 /* LaunchScreen.storyboard in Resources */ = {isa = PBXBuildFile; fileRef = 37F64CAE1EACDED2004B9530 /* LaunchScreen.storyboard */; };
		37F64CBA1EACDF59004B9530 /* SwiftClass.swift in Sources */ = {isa = PBXBuildFile; fileRef = 37F64CB91EACDF59004B9530 /* SwiftClass.swift */; };
		37F64CBE1EACE06C004B9530 /* TBOCClass.m in Sources */ = {isa = PBXBuildFile; fileRef = 37F64CBD1EACE06C004B9530 /* TBOCClass.m */; };
		37F64CC11EACE208004B9530 /* CClass.c in Sources */ = {isa = PBXBuildFile; fileRef = 37F64CBF1EACE208004B9530 /* CClass.c */; };
		37F64CC31EACE378004B9530 /* CClassNo.c in Sources */ = {isa = PBXBuildFile; fileRef = 37F64CC21EACE378004B9530 /* CClassNo.c */; };
/* End PBXBuildFile section */

/* Begin PBXFileReference section */
		37F64CA21EACDED2004B9530 /* Swift_OC_C++.app */ = {isa = PBXFileReference; explicitFileType = wrapper.application; includeInIndex = 0; path = "Swift_OC_C++.app"; sourceTree = BUILT_PRODUCTS_DIR; };
		37F64CA51EACDED2004B9530 /* AppDelegate.swift */ = {isa = PBXFileReference; lastKnownFileType = sourcecode.swift; path = AppDelegate.swift; sourceTree = "<group>"; };
		37F64CA71EACDED2004B9530 /* ViewController.swift */ = {isa = PBXFileReference; lastKnownFileType = sourcecode.swift; path = ViewController.swift; sourceTree = "<group>"; };
		37F64CAA1EACDED2004B9530 /* Base */ = {isa = PBXFileReference; lastKnownFileType = file.storyboard; name = Base; path = Base.lproj/Main.storyboard; sourceTree = "<group>"; };
		37F64CAC1EACDED2004B9530 /* Assets.xcassets */ = {isa = PBXFileReference; lastKnownFileType = folder.assetcatalog; path = Assets.xcassets; sourceTree = "<group>"; };
		37F64CAF1EACDED2004B9530 /* Base */ = {isa = PBXFileReference; lastKnownFileType = file.storyboard; name = Base; path = Base.lproj/LaunchScreen.storyboard; sourceTree = "<group>"; };
		37F64CB11EACDED2004B9530 /* Info.plist */ = {isa = PBXFileReference; lastKnownFileType = text.plist.xml; path = Info.plist; sourceTree = "<group>"; };
		37F64CB91EACDF59004B9530 /* SwiftClass.swift */ = {isa = PBXFileReference; fileEncoding = 4; lastKnownFileType = sourcecode.swift; path = SwiftClass.swift; sourceTree = "<group>"; };
		37F64CBB1EACE06C004B9530 /* Swift_OC_C++-Bridging-Header.h */ = {isa = PBXFileReference; lastKnownFileType = sourcecode.c.h; path = "Swift_OC_C++-Bridging-Header.h"; sourceTree = "<group>"; };
		37F64CBC1EACE06C004B9530 /* TBOCClass.h */ = {isa = PBXFileReference; fileEncoding = 4; lastKnownFileType = sourcecode.c.h; path = TBOCClass.h; sourceTree = "<group>"; };
		37F64CBD1EACE06C004B9530 /* TBOCClass.m */ = {isa = PBXFileReference; fileEncoding = 4; lastKnownFileType = sourcecode.c.objc; path = TBOCClass.m; sourceTree = "<group>"; };
		37F64CBF1EACE208004B9530 /* CClass.c */ = {isa = PBXFileReference; fileEncoding = 4; lastKnownFileType = sourcecode.c.c; path = CClass.c; sourceTree = "<group>"; };
		37F64CC01EACE208004B9530 /* CClass.h */ = {isa = PBXFileReference; fileEncoding = 4; lastKnownFileType = sourcecode.c.h; path = CClass.h; sourceTree = "<group>"; };
		37F64CC21EACE378004B9530 /* CClassNo.c */ = {isa = PBXFileReference; fileEncoding = 4; lastKnownFileType = sourcecode.c.c; path = CClassNo.c; sourceTree = "<group>"; };
/* End PBXFileReference section */

/* Begin PBXFrameworksBuildPhase section */
		37F64C9F1EACDED2004B9530 /* Frameworks */ = {
			isa = PBXFrameworksBuildPhase;
			buildActionMask = 2147483647;
			files = (
			);
			runOnlyForDeploymentPostprocessing = 0;
		};
/* End PBXFrameworksBuildPhase section */

/* Begin PBXGroup section */
		37F64C991EACDED2004B9530 = {
			isa = PBXGroup;
			children = (
				37F64CA41EACDED2004B9530 /* Swift_OC_C++ */,
				37F64CA31EACDED2004B9530 /* Products */,
			);
			sourceTree = "<group>";
		};
		37F64CA31EACDED2004B9530 /* Products */ = {
			isa = PBXGroup;
			children = (
				37F64CA21EACDED2004B9530 /* Swift_OC_C++.app */,
			);
			name = Products;
			sourceTree = "<group>";
		};
		37F64CA41EACDED2004B9530 /* Swift_OC_C++ */ = {
			isa = PBXGroup;
			children = (
				37F64CA51EACDED2004B9530 /* AppDelegate.swift */,
				37F64CA71EACDED2004B9530 /* ViewController.swift */,
				37F64CB91EACDF59004B9530 /* SwiftClass.swift */,
				37F64CBC1EACE06C004B9530 /* TBOCClass.h */,
				37F64CBD1EACE06C004B9530 /* TBOCClass.m */,
				37F64CBF1EACE208004B9530 /* CClass.c */,
				37F64CC01EACE208004B9530 /* CClass.h */,
				37F64CC21EACE378004B9530 /* CClassNo.c */,
				37F64CA91EACDED2004B9530 /* Main.storyboard */,
				37F64CAC1EACDED2004B9530 /* Assets.xcassets */,
				37F64CAE1EACDED2004B9530 /* LaunchScreen.storyboard */,
				37F64CB11EACDED2004B9530 /* Info.plist */,
				37F64CBB1EACE06C004B9530 /* Swift_OC_C++-Bridging-Header.h */,
			);
			path = "Swift_OC_C++";
			sourceTree = "<group>";
		};
/* End PBXGroup section */

/* Begin PBXNativeTarget section */
		37F64CA11EACDED2004B9530 /* Swift_OC_C++ */ = {
			isa = PBXNativeTarget;
			buildConfigurationList = 37F64CB41EACDED2004B9530 /* Build configuration list for PBXNativeTarget "Swift_OC_C++" */;
			buildPhases = (
				37F64C9E1EACDED2004B9530 /* Sources */,
				37F64C9F1EACDED2004B9530 /* Frameworks */,
				37F64CA01EACDED2004B9530 /* Resources */,
			);
			buildRules = (
			);
			dependencies = (
			);
			name = "Swift_OC_C++";
			productName = "Swift_OC_C++";
			productReference = 37F64CA21EACDED2004B9530 /* Swift_OC_C++.app */;
			productType = "com.apple.product-type.application";
		};
/* End PBXNativeTarget section */

/* Begin PBXProject section */
		37F64C9A1EACDED2004B9530 /* Project object */ = {
			isa = PBXProject;
			attributes = {
				LastSwiftUpdateCheck = 0820;
				LastUpgradeCheck = 0820;
				ORGANIZATIONNAME = "田彬彬";
				TargetAttributes = {
					37F64CA11EACDED2004B9530 = {
						CreatedOnToolsVersion = 8.2.1;
						LastSwiftMigration = 0820;
						ProvisioningStyle = Automatic;
					};
				};
			};
			buildConfigurationList = 37F64C9D1EACDED2004B9530 /* Build configuration list for PBXProject "Swift_OC_C++" */;
			compatibilityVersion = "Xcode 3.2";
			developmentRegion = English;
			hasScannedForEncodings = 0;
			knownRegions = (
				en,
				Base,
			);
			mainGroup = 37F64C991EACDED2004B9530;
			productRefGroup = 37F64CA31EACDED2004B9530 /* Products */;
			projectDirPath = "";
			projectRoot = "";
			targets = (
				37F64CA11EACDED2004B9530 /* Swift_OC_C++ */,
			);
		};
/* End PBXProject section */

/* Begin PBXResourcesBuildPhase section */
		37F64CA01EACDED2004B9530 /* Resources */ = {
			isa = PBXResourcesBuildPhase;
			buildActionMask = 2147483647;
			files = (
				37F64CB01EACDED2004B9530 /* LaunchScreen.storyboard in Resources */,
				37F64CAD1EACDED2004B9530 /* Assets.xcassets in Resources */,
				37F64CAB1EACDED2004B9530 /* Main.storyboard in Resources */,
			);
			runOnlyForDeploymentPostprocessing = 0;
		};
/* End PBXResourcesBuildPhase section */

/* Begin PBXSourcesBuildPhase section */
		37F64C9E1EACDED2004B9530 /* Sources */ = {
			isa = PBXSourcesBuildPhase;
			buildActionMask = 2147483647;
			files = (
				37F64CBE1EACE06C004B9530 /* TBOCClass.m in Sources */,
				37F64CC31EACE378004B9530 /* CClassNo.c in Sources */,
				37F64CC11EACE208004B9530 /* CClass.c in Sources */,
				37F64CA81EACDED2004B9530 /* ViewController.swift in Sources */,
				37F64CA61EACDED2004B9530 /* AppDelegate.swift in Sources */,
				37F64CBA1EACDF59004B9530 /* SwiftClass.swift in Sources */,
			);
			runOnlyForDeploymentPostprocessing = 0;
		};
/* End PBXSourcesBuildPhase section */

/* Begin PBXVariantGroup section */
		37F64CA91EACDED2004B9530 /* Main.storyboard */ = {
			isa = PBXVariantGroup;
			children = (
				37F64CAA1EACDED2004B9530 /* Base */,
			);
			name = Main.storyboard;
			sourceTree = "<group>";
		};
		37F64CAE1EACDED2004B9530 /* LaunchScreen.storyboard */ = {
			isa = PBXVariantGroup;
			children = (
				37F64CAF1EACDED2004B9530 /* Base */,
			);
			name = LaunchScreen.storyboard;
			sourceTree = "<group>";
		};
/* End PBXVariantGroup section */

/* Begin XCBuildConfiguration section */
		37F64CB21EACDED2004B9530 /* Debug */ = {
			isa = XCBuildConfiguration;
			buildSettings = {
				ALWAYS_SEARCH_USER_PATHS = NO;
				CLANG_ANALYZER_NONNULL = YES;
				CLANG_CXX_LANGUAGE_STANDARD = "gnu++0x";
				CLANG_CXX_LIBRARY = "libc++";
				CLANG_ENABLE_MODULES = YES;
				CLANG_ENABLE_OBJC_ARC = YES;
				CLANG_WARN_BOOL_CONVERSION = YES;
				CLANG_WARN_CONSTANT_CONVERSION = YES;
				CLANG_WARN_DIRECT_OBJC_ISA_USAGE = YES_ERROR;
				CLANG_WARN_DOCUMENTATION_COMMENTS = YES;
				CLANG_WARN_EMPTY_BODY = YES;
				CLANG_WARN_ENUM_CONVERSION = YES;
				CLANG_WARN_INFINITE_RECURSION = YES;
				CLANG_WARN_INT_CONVERSION = YES;
				CLANG_WARN_OBJC_ROOT_CLASS = YES_ERROR;
				CLANG_WARN_SUSPICIOUS_MOVE = YES;
				CLANG_WARN_UNREACHABLE_CODE = YES;
				CLANG_WARN__DUPLICATE_METHOD_MATCH = YES;
				"CODE_SIGN_IDENTITY[sdk=iphoneos*]" = "iPhone Developer";
				COPY_PHASE_STRIP = NO;
				DEBUG_INFORMATION_FORMAT = dwarf;
				ENABLE_STRICT_OBJC_MSGSEND = YES;
				ENABLE_TESTABILITY = YES;
				GCC_C_LANGUAGE_STANDARD = gnu99;
				GCC_DYNAMIC_NO_PIC = NO;
				GCC_NO_COMMON_BLOCKS = YES;
				GCC_OPTIMIZATION_LEVEL = 0;
				GCC_PREPROCESSOR_DEFINITIONS = (
					"DEBUG=1",
					"$(inherited)",
				);
				GCC_WARN_64_TO_32_BIT_CONVERSION = YES;
				GCC_WARN_ABOUT_RETURN_TYPE = YES_ERROR;
				GCC_WARN_UNDECLARED_SELECTOR = YES;
				GCC_WARN_UNINITIALIZED_AUTOS = YES_AGGRESSIVE;
				GCC_WARN_UNUSED_FUNCTION = YES;
				GCC_WARN_UNUSED_VARIABLE = YES;
				IPHONEOS_DEPLOYMENT_TARGET = 10.2;
				MTL_ENABLE_DEBUG_INFO = YES;
				ONLY_ACTIVE_ARCH = YES;
				SDKROOT = iphoneos;
				SWIFT_ACTIVE_COMPILATION_CONDITIONS = DEBUG;
				SWIFT_OPTIMIZATION_LEVEL = "-Onone";
			};
			name = Debug;
		};
		37F64CB31EACDED2004B9530 /* Release */ = {
			isa = XCBuildConfiguration;
			buildSettings = {
				ALWAYS_SEARCH_USER_PATHS = NO;
				CLANG_ANALYZER_NONNULL = YES;
				CLANG_CXX_LANGUAGE_STANDARD = "gnu++0x";
				CLANG_CXX_LIBRARY = "libc++";
				CLANG_ENABLE_MODULES = YES;
				CLANG_ENABLE_OBJC_ARC = YES;
				CLANG_WARN_BOOL_CONVERSION = YES;
				CLANG_WARN_CONSTANT_CONVERSION = YES;
				CLANG_WARN_DIRECT_OBJC_ISA_USAGE = YES_ERROR;
				CLANG_WARN_DOCUMENTATION_COMMENTS = YES;
				CLANG_WARN_EMPTY_BODY = YES;
				CLANG_WARN_ENUM_CONVERSION = YES;
				CLANG_WARN_INFINITE_RECURSION = YES;
				CLANG_WARN_INT_CONVERSION = YES;
				CLANG_WARN_OBJC_ROOT_CLASS = YES_ERROR;
				CLANG_WARN_SUSPICIOUS_MOVE = YES;
				CLANG_WARN_UNREACHABLE_CODE = YES;
				CLANG_WARN__DUPLICATE_METHOD_MATCH = YES;
				"CODE_SIGN_IDENTITY[sdk=iphoneos*]" = "iPhone Developer";
				COPY_PHASE_STRIP = NO;
				DEBUG_INFORMATION_FORMAT = "dwarf-with-dsym";
				ENABLE_NS_ASSERTIONS = NO;
				ENABLE_STRICT_OBJC_MSGSEND = YES;
				GCC_C_LANGUAGE_STANDARD = gnu99;
				GCC_NO_COMMON_BLOCKS = YES;
				GCC_WARN_64_TO_32_BIT_CONVERSION = YES;
				GCC_WARN_ABOUT_RETURN_TYPE = YES_ERROR;
				GCC_WARN_UNDECLARED_SELECTOR = YES;
				GCC_WARN_UNINITIALIZED_AUTOS = YES_AGGRESSIVE;
				GCC_WARN_UNUSED_FUNCTION = YES;
				GCC_WARN_UNUSED_VARIABLE = YES;
				IPHONEOS_DEPLOYMENT_TARGET = 10.2;
				MTL_ENABLE_DEBUG_INFO = NO;
				SDKROOT = iphoneos;
				SWIFT_OPTIMIZATION_LEVEL = "-Owholemodule";
				VALIDATE_PRODUCT = YES;
			};
			name = Release;
		};
		37F64CB51EACDED2004B9530 /* Debug */ = {
			isa = XCBuildConfiguration;
			buildSettings = {
				ASSETCATALOG_COMPILER_APPICON_NAME = AppIcon;
				CLANG_ENABLE_MODULES = YES;
				INFOPLIST_FILE = "Swift_OC_C++/Info.plist";
				LD_RUNPATH_SEARCH_PATHS = "$(inherited) @executable_path/Frameworks";
				PRODUCT_BUNDLE_IDENTIFIER = "com.kkeye.cn.Swift-OC-C--";
				PRODUCT_NAME = "$(TARGET_NAME)";
				SWIFT_OBJC_BRIDGING_HEADER = "Swift_OC_C++/Swift_OC_C++-Bridging-Header.h";
				SWIFT_OPTIMIZATION_LEVEL = "-Onone";
				SWIFT_VERSION = 3.0;
			};
			name = Debug;
		};
		37F64CB61EACDED2004B9530 /* Release */ = {
			isa = XCBuildConfiguration;
			buildSettings = {
				ASSETCATALOG_COMPILER_APPICON_NAME = AppIcon;
				CLANG_ENABLE_MODULES = YES;
				INFOPLIST_FILE = "Swift_OC_C++/Info.plist";
				LD_RUNPATH_SEARCH_PATHS = "$(inherited) @executable_path/Frameworks";
				PRODUCT_BUNDLE_IDENTIFIER = "com.kkeye.cn.Swift-OC-C--";
				PRODUCT_NAME = "$(TARGET_NAME)";
				SWIFT_OBJC_BRIDGING_HEADER = "Swift_OC_C++/Swift_OC_C++-Bridging-Header.h";
				SWIFT_VERSION = 3.0;
			};
			name = Release;
		};
/* End XCBuildConfiguration section */

/* Begin XCConfigurationList section */
		37F64C9D1EACDED2004B9530 /* Build configuration list for PBXProject "Swift_OC_C++" */ = {
			isa = XCConfigurationList;
			buildConfigurations = (
				37F64CB21EACDED2004B9530 /* Debug */,
				37F64CB31EACDED2004B9530 /* Release */,
			);
			defaultConfigurationIsVisible = 0;
			defaultConfigurationName = Release;
		};
		37F64CB41EACDED2004B9530 /* Build configuration list for PBXNativeTarget "Swift_OC_C++" */ = {
			isa = XCConfigurationList;
			buildConfigurations = (
				37F64CB51EACDED2004B9530 /* Debug */,
				37F64CB61EACDED2004B9530 /* Release */,
			);
			defaultConfigurationIsVisible = 0;
		};
/* End XCConfigurationList section */
	};
	rootObject = 37F64C9A1EACDED2004B9530 /* Project object */;
}
